
Microsoft Visual Studio Solution File, Format Version 12.00
# Visual Studio Version 17
VisualStudioVersion = 17.6.33801.468
MinimumVisualStudioVersion = 10.0.40219.1
Project("{FAE04EC0-301F-11D3-BF4B-00C04F79EFBC}") = "BornaZuzulV1", "BornaZuzulV1.csproj", "{F63F35B2-B40C-4CC5-86D3-0136D61CDF48}"
EndProject
Global
	GlobalSection(SolutionConfigurationPlatforms) = preSolution
		Debug|Any CPU = Debug|Any CPU
		Release|Any CPU = Release|Any CPU
	EndGlobalSection
	GlobalSection(ProjectConfigurationPlatforms) = postSolution
		{F63F35B2-B40C-4CC5-86D3-0136D61CDF48}.Debug|Any CPU.ActiveCfg = Debug|Any CPU
		{F63F35B2-B40C-4CC5-86D3-0136D61CDF48}.Debug|Any CPU.Build.0 = Debug|Any CPU
		{F63F35B2-B40C-4CC5-86D3-0136D61CDF48}.Release|Any CPU.ActiveCfg = Release|Any CPU
		{F63F35B2-B40C-4CC5-86D3-0136D61CDF48}.Release|Any CPU.Build.0 = Release|Any CPU
	EndGlobalSection
	GlobalSection(SolutionProperties) = preSolution
		HideSolutionNode = FALSE
	EndGlobalSection
	GlobalSection(ExtensibilityGlobals) = postSolution
		SolutionGuid = {071AC822-7974-4BBD-8B2F-8BB8D0BEC508}
	EndGlobalSection
EndGlobal
